// !$*UTF8*$!
{
	archiveVersion = 1;
	classes = {
	};
	objectVersion = 77;
	objects = {

/* Begin PBXBuildFile section */
		FFC177EA2CCAC7CC007A1ED2 /* ParseLiveQuery in Frameworks */ = {isa = PBXBuildFile; productRef = FFC177E92CCAC7CC007A1ED2 /* ParseLiveQuery */; };
		FFC177EC2CCAC7CC007A1ED2 /* ParseObjC in Frameworks */ = {isa = PBXBuildFile; productRef = FFC177EB2CCAC7CC007A1ED2 /* ParseObjC */; };
/* End PBXBuildFile section */

/* Begin PBXContainerItemProxy section */
		FFC177CB2CCA9009007A1ED2 /* PBXContainerItemProxy */ = {
			isa = PBXContainerItemProxy;
			containerPortal = FFC177AC2CCA9007007A1ED2 /* Project object */;
			proxyType = 1;
			remoteGlobalIDString = FFC177B32CCA9008007A1ED2;
			remoteInfo = FoursquareClone;
		};
		FFC177D52CCA9009007A1ED2 /* PBXContainerItemProxy */ = {
			isa = PBXContainerItemProxy;
			containerPortal = FFC177AC2CCA9007007A1ED2 /* Project object */;
			proxyType = 1;
			remoteGlobalIDString = FFC177B32CCA9008007A1ED2;
			remoteInfo = FoursquareClone;
		};
/* End PBXContainerItemProxy section */

/* Begin PBXFileReference section */
		FFC177B42CCA9008007A1ED2 /* FoursquareClone.app */ = {isa = PBXFileReference; explicitFileType = wrapper.application; includeInIndex = 0; path = FoursquareClone.app; sourceTree = BUILT_PRODUCTS_DIR; };
		FFC177CA2CCA9009007A1ED2 /* FoursquareCloneTests.xctest */ = {isa = PBXFileReference; explicitFileType = wrapper.cfbundle; includeInIndex = 0; path = FoursquareCloneTests.xctest; sourceTree = BUILT_PRODUCTS_DIR; };
		FFC177D42CCA9009007A1ED2 /* FoursquareCloneUITests.xctest */ = {isa = PBXFileReference; explicitFileType = wrapper.cfbundle; includeInIndex = 0; path = FoursquareCloneUITests.xctest; sourceTree = BUILT_PRODUCTS_DIR; };
/* End PBXFileReference section */

/* Begin PBXFileSystemSynchronizedBuildFileExceptionSet section */
		FFC177DC2CCA9009007A1ED2 /* Exceptions for "FoursquareClone" folder in "FoursquareClone" target */ = {
			isa = PBXFileSystemSynchronizedBuildFileExceptionSet;
			membershipExceptions = (
				Info.plist,
			);
			target = FFC177B32CCA9008007A1ED2 /* FoursquareClone */;
		};
/* End PBXFileSystemSynchronizedBuildFileExceptionSet section */

/* Begin PBXFileSystemSynchronizedRootGroup section */
		FFC177B62CCA9008007A1ED2 /* FoursquareClone */ = {
			isa = PBXFileSystemSynchronizedRootGroup;
			exceptions = (
				FFC177DC2CCA9009007A1ED2 /* Exceptions for "FoursquareClone" folder in "FoursquareClone" target */,
			);
			path = FoursquareClone;
			sourceTree = "<group>";
		};
		FFC177CD2CCA9009007A1ED2 /* FoursquareCloneTests */ = {
			isa = PBXFileSystemSynchronizedRootGroup;
			path = FoursquareCloneTests;
			sourceTree = "<group>";
		};
		FFC177D72CCA9009007A1ED2 /* FoursquareCloneUITests */ = {
			isa = PBXFileSystemSynchronizedRootGroup;
			path = FoursquareCloneUITests;
			sourceTree = "<group>";
		};
/* End PBXFileSystemSynchronizedRootGroup section */

/* Begin PBXFrameworksBuildPhase section */
		FFC177B12CCA9008007A1ED2 /* Frameworks */ = {
			isa = PBXFrameworksBuildPhase;
			buildActionMask = 2147483647;
			files = (
				FFC177EC2CCAC7CC007A1ED2 /* ParseObjC in Frameworks */,
				FFC177EA2CCAC7CC007A1ED2 /* ParseLiveQuery in Frameworks */,
			);
			runOnlyForDeploymentPostprocessing = 0;
		};
		FFC177C72CCA9009007A1ED2 /* Frameworks */ = {
			isa = PBXFrameworksBuildPhase;
			buildActionMask = 2147483647;
			files = (
			);
			runOnlyForDeploymentPostprocessing = 0;
		};
		FFC177D12CCA9009007A1ED2 /* Frameworks */ = {
			isa = PBXFrameworksBuildPhase;
			buildActionMask = 2147483647;
			files = (
			);
			runOnlyForDeploymentPostprocessing = 0;
		};
/* End PBXFrameworksBuildPhase section */

/* Begin PBXGroup section */
		FFC177AB2CCA9007007A1ED2 = {
			isa = PBXGroup;
			children = (
				FFC177B62CCA9008007A1ED2 /* FoursquareClone */,
				FFC177CD2CCA9009007A1ED2 /* FoursquareCloneTests */,
				FFC177D72CCA9009007A1ED2 /* FoursquareCloneUITests */,
				FFC177B52CCA9008007A1ED2 /* Products */,
			);
			sourceTree = "<group>";
		};
		FFC177B52CCA9008007A1ED2 /* Products */ = {
			isa = PBXGroup;
			children = (
				FFC177B42CCA9008007A1ED2 /* FoursquareClone.app */,
				FFC177CA2CCA9009007A1ED2 /* FoursquareCloneTests.xctest */,
				FFC177D42CCA9009007A1ED2 /* FoursquareCloneUITests.xctest */,
			);
			name = Products;
			sourceTree = "<group>";
		};
/* End PBXGroup section */

/* Begin PBXNativeTarget section */
		FFC177B32CCA9008007A1ED2 /* FoursquareClone */ = {
			isa = PBXNativeTarget;
			buildConfigurationList = FFC177DD2CCA9009007A1ED2 /* Build configuration list for PBXNativeTarget "FoursquareClone" */;
			buildPhases = (
				FFC177B02CCA9008007A1ED2 /* Sources */,
				FFC177B12CCA9008007A1ED2 /* Frameworks */,
				FFC177B22CCA9008007A1ED2 /* Resources */,
			);
			buildRules = (
			);
			dependencies = (
			);
			fileSystemSynchronizedGroups = (
				FFC177B62CCA9008007A1ED2 /* FoursquareClone */,
			);
			name = FoursquareClone;
			packageProductDependencies = (
				FFC177E92CCAC7CC007A1ED2 /* ParseLiveQuery */,
				FFC177EB2CCAC7CC007A1ED2 /* ParseObjC */,
			);
			productName = FoursquareClone;
			productReference = FFC177B42CCA9008007A1ED2 /* FoursquareClone.app */;
			productType = "com.apple.product-type.application";
		};
		FFC177C92CCA9009007A1ED2 /* FoursquareCloneTests */ = {
			isa = PBXNativeTarget;
			buildConfigurationList = FFC177E22CCA9009007A1ED2 /* Build configuration list for PBXNativeTarget "FoursquareCloneTests" */;
			buildPhases = (
				FFC177C62CCA9009007A1ED2 /* Sources */,
				FFC177C72CCA9009007A1ED2 /* Frameworks */,
				FFC177C82CCA9009007A1ED2 /* Resources */,
			);
			buildRules = (
			);
			dependencies = (
				FFC177CC2CCA9009007A1ED2 /* PBXTargetDependency */,
			);
			fileSystemSynchronizedGroups = (
				FFC177CD2CCA9009007A1ED2 /* FoursquareCloneTests */,
			);
			name = FoursquareCloneTests;
			packageProductDependencies = (
			);
			productName = FoursquareCloneTests;
			productReference = FFC177CA2CCA9009007A1ED2 /* FoursquareCloneTests.xctest */;
			productType = "com.apple.product-type.bundle.unit-test";
		};
		FFC177D32CCA9009007A1ED2 /* FoursquareCloneUITests */ = {
			isa = PBXNativeTarget;
			buildConfigurationList = FFC177E52CCA9009007A1ED2 /* Build configuration list for PBXNativeTarget "FoursquareCloneUITests" */;
			buildPhases = (
				FFC177D02CCA9009007A1ED2 /* Sources */,
				FFC177D12CCA9009007A1ED2 /* Frameworks */,
				FFC177D22CCA9009007A1ED2 /* Resources */,
			);
			buildRules = (
			);
			dependencies = (
				FFC177D62CCA9009007A1ED2 /* PBXTargetDependency */,
			);
			fileSystemSynchronizedGroups = (
				FFC177D72CCA9009007A1ED2 /* FoursquareCloneUITests */,
			);
			name = FoursquareCloneUITests;
			packageProductDependencies = (
			);
			productName = FoursquareCloneUITests;
			productReference = FFC177D42CCA9009007A1ED2 /* FoursquareCloneUITests.xctest */;
			productType = "com.apple.product-type.bundle.ui-testing";
		};
/* End PBXNativeTarget section */

/* Begin PBXProject section */
		FFC177AC2CCA9007007A1ED2 /* Project object */ = {
			isa = PBXProject;
			attributes = {
				BuildIndependentTargetsInParallel = 1;
				LastSwiftUpdateCheck = 1600;
				LastUpgradeCheck = 1600;
				TargetAttributes = {
					FFC177B32CCA9008007A1ED2 = {
						CreatedOnToolsVersion = 16.0;
					};
					FFC177C92CCA9009007A1ED2 = {
						CreatedOnToolsVersion = 16.0;
						TestTargetID = FFC177B32CCA9008007A1ED2;
					};
					FFC177D32CCA9009007A1ED2 = {
						CreatedOnToolsVersion = 16.0;
						TestTargetID = FFC177B32CCA9008007A1ED2;
					};
				};
			};
			buildConfigurationList = FFC177AF2CCA9007007A1ED2 /* Build configuration list for PBXProject "FoursquareClone" */;
			developmentRegion = en;
			hasScannedForEncodings = 0;
			knownRegions = (
				en,
				Base,
			);
			mainGroup = FFC177AB2CCA9007007A1ED2;
			minimizedProjectReferenceProxies = 1;
			packageReferences = (
				FFC177E82CCAC7CC007A1ED2 /* XCRemoteSwiftPackageReference "Parse-SDK-iOS-OSX" */,
			);
			preferredProjectObjectVersion = 77;
			productRefGroup = FFC177B52CCA9008007A1ED2 /* Products */;
			projectDirPath = "";
			projectRoot = "";
			targets = (
				FFC177B32CCA9008007A1ED2 /* FoursquareClone */,
				FFC177C92CCA9009007A1ED2 /* FoursquareCloneTests */,
				FFC177D32CCA9009007A1ED2 /* FoursquareCloneUITests */,
			);
		};
/* End PBXProject section */

/* Begin PBXResourcesBuildPhase section */
		FFC177B22CCA9008007A1ED2 /* Resources */ = {
			isa = PBXResourcesBuildPhase;
			buildActionMask = 2147483647;
			files = (
			);
			runOnlyForDeploymentPostprocessing = 0;
		};
		FFC177C82CCA9009007A1ED2 /* Resources */ = {
			isa = PBXResourcesBuildPhase;
			buildActionMask = 2147483647;
			files = (
			);
			runOnlyForDeploymentPostprocessing = 0;
		};
		FFC177D22CCA9009007A1ED2 /* Resources */ = {
			isa = PBXResourcesBuildPhase;
			buildActionMask = 2147483647;
			files = (
			);
			runOnlyForDeploymentPostprocessing = 0;
		};
/* End PBXResourcesBuildPhase section */

/* Begin PBXSourcesBuildPhase section */
		FFC177B02CCA9008007A1ED2 /* Sources */ = {
			isa = PBXSourcesBuildPhase;
			buildActionMask = 2147483647;
			files = (
			);
			runOnlyForDeploymentPostprocessing = 0;
		};
		FFC177C62CCA9009007A1ED2 /* Sources */ = {
			isa = PBXSourcesBuildPhase;
			buildActionMask = 2147483647;
			files = (
			);
			runOnlyForDeploymentPostprocessing = 0;
		};
		FFC177D02CCA9009007A1ED2 /* Sources */ = {
			isa = PBXSourcesBuildPhase;
			buildActionMask = 2147483647;
			files = (
			);
			runOnlyForDeploymentPostprocessing = 0;
		};
/* End PBXSourcesBuildPhase section */

/* Begin PBXTargetDependency section */
		FFC177CC2CCA9009007A1ED2 /* PBXTargetDependency */ = {
			isa = PBXTargetDependency;
			target = FFC177B32CCA9008007A1ED2 /* FoursquareClone */;
			targetProxy = FFC177CB2CCA9009007A1ED2 /* PBXContainerItemProxy */;
		};
		FFC177D62CCA9009007A1ED2 /* PBXTargetDependency */ = {
			isa = PBXTargetDependency;
			target = FFC177B32CCA9008007A1ED2 /* FoursquareClone */;
			targetProxy = FFC177D52CCA9009007A1ED2 /* PBXContainerItemProxy */;
		};
/* End PBXTargetDependency section */

/* Begin XCBuildConfiguration section */
		FFC177DE2CCA9009007A1ED2 /* Debug */ = {
			isa = XCBuildConfiguration;
			buildSettings = {
				ASSETCATALOG_COMPILER_APPICON_NAME = AppIcon;
				ASSETCATALOG_COMPILER_GLOBAL_ACCENT_COLOR_NAME = AccentColor;
				CODE_SIGN_STYLE = Automatic;
				CURRENT_PROJECT_VERSION = 1;
				GENERATE_INFOPLIST_FILE = YES;
				INFOPLIST_FILE = FoursquareClone/Info.plist;
				INFOPLIST_KEY_UIApplicationSupportsIndirectInputEvents = YES;
				INFOPLIST_KEY_UILaunchStoryboardName = LaunchScreen;
				INFOPLIST_KEY_UIMainStoryboardFile = Main;
				INFOPLIST_KEY_UISupportedInterfaceOrientations_iPad = "UIInterfaceOrientationPortrait UIInterfaceOrientationPortraitUpsideDown UIInterfaceOrientationLandscapeLeft UIInterfaceOrientationLandscapeRight";
				INFOPLIST_KEY_UISupportedInterfaceOrientations_iPhone = "UIInterfaceOrientationPortrait UIInterfaceOrientationLandscapeLeft UIInterfaceOrientationLandscapeRight";
				LD_RUNPATH_SEARCH_PATHS = (
					"$(inherited)",
					"@executable_path/Frameworks",
				);
				MARKETING_VERSION = 1.0;
				PRODUCT_BUNDLE_IDENTIFIER = com.omerapaydin.FoursquareClone;
				PRODUCT_NAME = "$(TARGET_NAME)";
				SWIFT_EMIT_LOC_STRINGS = YES;
				SWIFT_VERSION = 5.0;
				TARGETED_DEVICE_FAMILY = "1,2";
			};
			name = Debug;
		};
		FFC177DF2CCA9009007A1ED2 /* Release */ = {
			isa = XCBuildConfiguration;
			buildSettings = {
				ASSETCATALOG_COMPILER_APPICON_NAME = AppIcon;
				ASSETCATALOG_COMPILER_GLOBAL_ACCENT_COLOR_NAME = AccentColor;
				CODE_SIGN_STYLE = Automatic;
				CURRENT_PROJECT_VERSION = 1;
				GENERATE_INFOPLIST_FILE = YES;
				INFOPLIST_FILE = FoursquareClone/Info.plist;
				INFOPLIST_KEY_UIApplicationSupportsIndirectInputEvents = YES;
				INFOPLIST_KEY_UILaunchStoryboardName = LaunchScreen;
				INFOPLIST_KEY_UIMainStoryboardFile = Main;
				INFOPLIST_KEY_UISupportedInterfaceOrientations_iPad = "UIInterfaceOrientationPortrait UIInterfaceOrientationPortraitUpsideDown UIInterfaceOrientationLandscapeLeft UIInterfaceOrientationLandscapeRight";
				INFOPLIST_KEY_UISupportedInterfaceOrientations_iPhone = "UIInterfaceOrientationPortrait UIInterfaceOrientationLandscapeLeft UIInterfaceOrientationLandscapeRight";
				LD_RUNPATH_SEARCH_PATHS = (
					"$(inherited)",
					"@executable_path/Frameworks",
				);
				MARKETING_VERSION = 1.0;
				PRODUCT_BUNDLE_IDENTIFIER = com.omerapaydin.FoursquareClone;
				PRODUCT_NAME = "$(TARGET_NAME)";
				SWIFT_EMIT_LOC_STRINGS = YES;
				SWIFT_VERSION = 5.0;
				TARGETED_DEVICE_FAMILY = "1,2";
			};
			name = Release;
		};
		FFC177E02CCA9009007A1ED2 /* Debug */ = {
			isa = XCBuildConfiguration;
			buildSettings = {
				ALWAYS_SEARCH_USER_PATHS = NO;
				ASSETCATALOG_COMPILER_GENERATE_SWIFT_ASSET_SYMBOL_EXTENSIONS = YES;
				CLANG_ANALYZER_NONNULL = YES;
				CLANG_ANALYZER_NUMBER_OBJECT_CONVERSION = YES_AGGRESSIVE;
				CLANG_CXX_LANGUAGE_STANDARD = "gnu++20";
				CLANG_ENABLE_MODULES = YES;
				CLANG_ENABLE_OBJC_ARC = YES;
				CLANG_ENABLE_OBJC_WEAK = YES;
				CLANG_WARN_BLOCK_CAPTURE_AUTORELEASING = YES;
				CLANG_WARN_BOOL_CONVERSION = YES;
				CLANG_WARN_COMMA = YES;
				CLANG_WARN_CONSTANT_CONVERSION = YES;
				CLANG_WARN_DEPRECATED_OBJC_IMPLEMENTATIONS = YES;
				CLANG_WARN_DIRECT_OBJC_ISA_USAGE = YES_ERROR;
				CLANG_WARN_DOCUMENTATION_COMMENTS = YES;
				CLANG_WARN_EMPTY_BODY = YES;
				CLANG_WARN_ENUM_CONVERSION = YES;
				CLANG_WARN_INFINITE_RECURSION = YES;
				CLANG_WARN_INT_CONVERSION = YES;
				CLANG_WARN_NON_LITERAL_NULL_CONVERSION = YES;
				CLANG_WARN_OBJC_IMPLICIT_RETAIN_SELF = YES;
				CLANG_WARN_OBJC_LITERAL_CONVERSION = YES;
				CLANG_WARN_OBJC_ROOT_CLASS = YES_ERROR;
				CLANG_WARN_QUOTED_INCLUDE_IN_FRAMEWORK_HEADER = YES;
				CLANG_WARN_RANGE_LOOP_ANALYSIS = YES;
				CLANG_WARN_STRICT_PROTOTYPES = YES;
				CLANG_WARN_SUSPICIOUS_MOVE = YES;
				CLANG_WARN_UNGUARDED_AVAILABILITY = YES_AGGRESSIVE;
				CLANG_WARN_UNREACHABLE_CODE = YES;
				CLANG_WARN__DUPLICATE_METHOD_MATCH = YES;
				COPY_PHASE_STRIP = NO;
				DEBUG_INFORMATION_FORMAT = dwarf;
				ENABLE_STRICT_OBJC_MSGSEND = YES;
				ENABLE_TESTABILITY = YES;
				ENABLE_USER_SCRIPT_SANDBOXING = YES;
				GCC_C_LANGUAGE_STANDARD = gnu17;
				GCC_DYNAMIC_NO_PIC = NO;
				GCC_NO_COMMON_BLOCKS = YES;
				GCC_OPTIMIZATION_LEVEL = 0;
				GCC_PREPROCESSOR_DEFINITIONS = (
					"DEBUG=1",
					"$(inherited)",
				);
				GCC_WARN_64_TO_32_BIT_CONVERSION = YES;
				GCC_WARN_ABOUT_RETURN_TYPE = YES_ERROR;
				GCC_WARN_UNDECLARED_SELECTOR = YES;
				GCC_WARN_UNINITIALIZED_AUTOS = YES_AGGRESSIVE;
				GCC_WARN_UNUSED_FUNCTION = YES;
				GCC_WARN_UNUSED_VARIABLE = YES;
				IPHONEOS_DEPLOYMENT_TARGET = 18.0;
				LOCALIZATION_PREFERS_STRING_CATALOGS = YES;
				MTL_ENABLE_DEBUG_INFO = INCLUDE_SOURCE;
				MTL_FAST_MATH = YES;
				ONLY_ACTIVE_ARCH = YES;
				SDKROOT = iphoneos;
				SWIFT_ACTIVE_COMPILATION_CONDITIONS = "DEBUG $(inherited)";
				SWIFT_OPTIMIZATION_LEVEL = "-Onone";
			};
			name = Debug;
		};
		FFC177E12CCA9009007A1ED2 /* Release */ = {
			isa = XCBuildConfiguration;
			buildSettings = {
				ALWAYS_SEARCH_USER_PATHS = NO;
				ASSETCATALOG_COMPILER_GENERATE_SWIFT_ASSET_SYMBOL_EXTENSIONS = YES;
				CLANG_ANALYZER_NONNULL = YES;
				CLANG_ANALYZER_NUMBER_OBJECT_CONVERSION = YES_AGGRESSIVE;
				CLANG_CXX_LANGUAGE_STANDARD = "gnu++20";
				CLANG_ENABLE_MODULES = YES;
				CLANG_ENABLE_OBJC_ARC = YES;
				CLANG_ENABLE_OBJC_WEAK = YES;
				CLANG_WARN_BLOCK_CAPTURE_AUTORELEASING = YES;
				CLANG_WARN_BOOL_CONVERSION = YES;
				CLANG_WARN_COMMA = YES;
				CLANG_WARN_CONSTANT_CONVERSION = YES;
				CLANG_WARN_DEPRECATED_OBJC_IMPLEMENTATIONS = YES;
				CLANG_WARN_DIRECT_OBJC_ISA_USAGE = YES_ERROR;
				CLANG_WARN_DOCUMENTATION_COMMENTS = YES;
				CLANG_WARN_EMPTY_BODY = YES;
				CLANG_WARN_ENUM_CONVERSION = YES;
				CLANG_WARN_INFINITE_RECURSION = YES;
				CLANG_WARN_INT_CONVERSION = YES;
				CLANG_WARN_NON_LITERAL_NULL_CONVERSION = YES;
				CLANG_WARN_OBJC_IMPLICIT_RETAIN_SELF = YES;
				CLANG_WARN_OBJC_LITERAL_CONVERSION = YES;
				CLANG_WARN_OBJC_ROOT_CLASS = YES_ERROR;
				CLANG_WARN_QUOTED_INCLUDE_IN_FRAMEWORK_HEADER = YES;
				CLANG_WARN_RANGE_LOOP_ANALYSIS = YES;
				CLANG_WARN_STRICT_PROTOTYPES = YES;
				CLANG_WARN_SUSPICIOUS_MOVE = YES;
				CLANG_WARN_UNGUARDED_AVAILABILITY = YES_AGGRESSIVE;
				CLANG_WARN_UNREACHABLE_CODE = YES;
				CLANG_WARN__DUPLICATE_METHOD_MATCH = YES;
				COPY_PHASE_STRIP = NO;
				DEBUG_INFORMATION_FORMAT = "dwarf-with-dsym";
				ENABLE_NS_ASSERTIONS = NO;
				ENABLE_STRICT_OBJC_MSGSEND = YES;
				ENABLE_USER_SCRIPT_SANDBOXING = YES;
				GCC_C_LANGUAGE_STANDARD = gnu17;
				GCC_NO_COMMON_BLOCKS = YES;
				GCC_WARN_64_TO_32_BIT_CONVERSION = YES;
				GCC_WARN_ABOUT_RETURN_TYPE = YES_ERROR;
				GCC_WARN_UNDECLARED_SELECTOR = YES;
				GCC_WARN_UNINITIALIZED_AUTOS = YES_AGGRESSIVE;
				GCC_WARN_UNUSED_FUNCTION = YES;
				GCC_WARN_UNUSED_VARIABLE = YES;
				IPHONEOS_DEPLOYMENT_TARGET = 18.0;
				LOCALIZATION_PREFERS_STRING_CATALOGS = YES;
				MTL_ENABLE_DEBUG_INFO = NO;
				MTL_FAST_MATH = YES;
				SDKROOT = iphoneos;
				SWIFT_COMPILATION_MODE = wholemodule;
				VALIDATE_PRODUCT = YES;
			};
			name = Release;
		};
		FFC177E32CCA9009007A1ED2 /* Debug */ = {
			isa = XCBuildConfiguration;
			buildSettings = {
				BUNDLE_LOADER = "$(TEST_HOST)";
				CODE_SIGN_STYLE = Automatic;
				CURRENT_PROJECT_VERSION = 1;
				GENERATE_INFOPLIST_FILE = YES;
				IPHONEOS_DEPLOYMENT_TARGET = 18.0;
				MARKETING_VERSION = 1.0;
				PRODUCT_BUNDLE_IDENTIFIER = com.omerapaydin.FoursquareCloneTests;
				PRODUCT_NAME = "$(TARGET_NAME)";
				SWIFT_EMIT_LOC_STRINGS = NO;
				SWIFT_VERSION = 5.0;
				TARGETED_DEVICE_FAMILY = "1,2";
				TEST_HOST = "$(BUILT_PRODUCTS_DIR)/FoursquareClone.app/$(BUNDLE_EXECUTABLE_FOLDER_PATH)/FoursquareClone";
			};
			name = Debug;
		};
		FFC177E42CCA9009007A1ED2 /* Release */ = {
			isa = XCBuildConfiguration;
			buildSettings = {
				BUNDLE_LOADER = "$(TEST_HOST)";
				CODE_SIGN_STYLE = Automatic;
				CURRENT_PROJECT_VERSION = 1;
				GENERATE_INFOPLIST_FILE = YES;
				IPHONEOS_DEPLOYMENT_TARGET = 18.0;
				MARKETING_VERSION = 1.0;
				PRODUCT_BUNDLE_IDENTIFIER = com.omerapaydin.FoursquareCloneTests;
				PRODUCT_NAME = "$(TARGET_NAME)";
				SWIFT_EMIT_LOC_STRINGS = NO;
				SWIFT_VERSION = 5.0;
				TARGETED_DEVICE_FAMILY = "1,2";
				TEST_HOST = "$(BUILT_PRODUCTS_DIR)/FoursquareClone.app/$(BUNDLE_EXECUTABLE_FOLDER_PATH)/FoursquareClone";
			};
			name = Release;
		};
		FFC177E62CCA9009007A1ED2 /* Debug */ = {
			isa = XCBuildConfiguration;
			buildSettings = {
				CODE_SIGN_STYLE = Automatic;
				CURRENT_PROJECT_VERSION = 1;
				GENERATE_INFOPLIST_FILE = YES;
				MARKETING_VERSION = 1.0;
				PRODUCT_BUNDLE_IDENTIFIER = com.omerapaydin.FoursquareCloneUITests;
				PRODUCT_NAME = "$(TARGET_NAME)";
				SWIFT_EMIT_LOC_STRINGS = NO;
				SWIFT_VERSION = 5.0;
				TARGETED_DEVICE_FAMILY = "1,2";
				TEST_TARGET_NAME = FoursquareClone;
			};
			name = Debug;
		};
		FFC177E72CCA9009007A1ED2 /* Release */ = {
			isa = XCBuildConfiguration;
			buildSettings = {
				CODE_SIGN_STYLE = Automatic;
				CURRENT_PROJECT_VERSION = 1;
				GENERATE_INFOPLIST_FILE = YES;
				MARKETING_VERSION = 1.0;
				PRODUCT_BUNDLE_IDENTIFIER = com.omerapaydin.FoursquareCloneUITests;
				PRODUCT_NAME = "$(TARGET_NAME)";
				SWIFT_EMIT_LOC_STRINGS = NO;
				SWIFT_VERSION = 5.0;
				TARGETED_DEVICE_FAMILY = "1,2";
				TEST_TARGET_NAME = FoursquareClone;
			};
			name = Release;
		};
/* End XCBuildConfiguration section */

/* Begin XCConfigurationList section */
		FFC177AF2CCA9007007A1ED2 /* Build configuration list for PBXProject "FoursquareClone" */ = {
			isa = XCConfigurationList;
			buildConfigurations = (
				FFC177E02CCA9009007A1ED2 /* Debug */,
				FFC177E12CCA9009007A1ED2 /* Release */,
			);
			defaultConfigurationIsVisible = 0;
			defaultConfigurationName = Release;
		};
		FFC177DD2CCA9009007A1ED2 /* Build configuration list for PBXNativeTarget "FoursquareClone" */ = {
			isa = XCConfigurationList;
			buildConfigurations = (
				FFC177DE2CCA9009007A1ED2 /* Debug */,
				FFC177DF2CCA9009007A1ED2 /* Release */,
			);
			defaultConfigurationIsVisible = 0;
			defaultConfigurationName = Release;
		};
		FFC177E22CCA9009007A1ED2 /* Build configuration list for PBXNativeTarget "FoursquareCloneTests" */ = {
			isa = XCConfigurationList;
			buildConfigurations = (
				FFC177E32CCA9009007A1ED2 /* Debug */,
				FFC177E42CCA9009007A1ED2 /* Release */,
			);
			defaultConfigurationIsVisible = 0;
			defaultConfigurationName = Release;
		};
		FFC177E52CCA9009007A1ED2 /* Build configuration list for PBXNativeTarget "FoursquareCloneUITests" */ = {
			isa = XCConfigurationList;
			buildConfigurations = (
				FFC177E62CCA9009007A1ED2 /* Debug */,
				FFC177E72CCA9009007A1ED2 /* Release */,
			);
			defaultConfigurationIsVisible = 0;
			defaultConfigurationName = Release;
		};
/* End XCConfigurationList section */

/* Begin XCRemoteSwiftPackageReference section */
		FFC177E82CCAC7CC007A1ED2 /* XCRemoteSwiftPackageReference "Parse-SDK-iOS-OSX" */ = {
			isa = XCRemoteSwiftPackageReference;
			repositoryURL = "https://github.com/parse-community/Parse-SDK-iOS-OSX";
			requirement = {
				kind = upToNextMajorVersion;
				minimumVersion = 4.1.2;
			};
		};
/* End XCRemoteSwiftPackageReference section */

/* Begin XCSwiftPackageProductDependency section */
		FFC177E92CCAC7CC007A1ED2 /* ParseLiveQuery */ = {
			isa = XCSwiftPackageProductDependency;
			package = FFC177E82CCAC7CC007A1ED2 /* XCRemoteSwiftPackageReference "Parse-SDK-iOS-OSX" */;
			productName = ParseLiveQuery;
		};
		FFC177EB2CCAC7CC007A1ED2 /* ParseObjC */ = {
			isa = XCSwiftPackageProductDependency;
			package = FFC177E82CCAC7CC007A1ED2 /* XCRemoteSwiftPackageReference "Parse-SDK-iOS-OSX" */;
			productName = ParseObjC;
		};
/* End XCSwiftPackageProductDependency section */
	};
	rootObject = FFC177AC2CCA9007007A1ED2 /* Project object */;
}
